
Microsoft Visual Studio Solution File, Format Version 12.00
# Visual Studio Version 17
VisualStudioVersion = 17.7.34221.43
MinimumVisualStudioVersion = 10.0.40219.1
Project("{8BC9CEB8-8B4A-11D0-8D11-00A0C91BC942}") = "cpp_appl_26", "cpp_appl_26\cpp_appl_26.vcxproj", "{97121874-FC7F-47BF-8D73-5B16B88092AE}"
EndProject
Global
	GlobalSection(SolutionConfigurationPlatforms) = preSolution
		Debug|x64 = Debug|x64
		Debug|x86 = Debug|x86
		Release|x64 = Release|x64
		Release|x86 = Release|x86
	EndGlobalSection
	GlobalSection(ProjectConfigurationPlatforms) = postSolution
		{97121874-FC7F-47BF-8D73-5B16B88092AE}.Debug|x64.ActiveCfg = Debug|x64
		{97121874-FC7F-47BF-8D73-5B16B88092AE}.Debug|x64.Build.0 = Debug|x64
		{97121874-FC7F-47BF-8D73-5B16B88092AE}.Debug|x86.ActiveCfg = Debug|Win32
		{97121874-FC7F-47BF-8D73-5B16B88092AE}.Debug|x86.Build.0 = Debug|Win32
		{97121874-FC7F-47BF-8D73-5B16B88092AE}.Release|x64.ActiveCfg = Release|x64
		{97121874-FC7F-47BF-8D73-5B16B88092AE}.Release|x64.Build.0 = Release|x64
		{97121874-FC7F-47BF-8D73-5B16B88092AE}.Release|x86.ActiveCfg = Release|Win32
		{97121874-FC7F-47BF-8D73-5B16B88092AE}.Release|x86.Build.0 = Release|Win32
	EndGlobalSection
	GlobalSection(SolutionProperties) = preSolution
		HideSolutionNode = FALSE
	EndGlobalSection
	GlobalSection(ExtensibilityGlobals) = postSolution
		SolutionGuid = {1E6E02B8-CC37-4953-9E7E-5DDEC33DA930}
	EndGlobalSection
EndGlobal
